
Microsoft Visual Studio Solution File, Format Version 12.00
# Visual Studio Version 16
VisualStudioVersion = 16.0.35425.106
MinimumVisualStudioVersion = 10.0.40219.1
Project("{FAE04EC0-301F-11D3-BF4B-00C04F79EFBC}") = "ans1_final", "ans1_final.csproj", "{2370E339-7431-4E75-91DF-C932D91AF287}"
EndProject
Global
	GlobalSection(SolutionConfigurationPlatforms) = preSolution
		Debug|Any CPU = Debug|Any CPU
		Release|Any CPU = Release|Any CPU
	EndGlobalSection
	GlobalSection(ProjectConfigurationPlatforms) = postSolution
		{2370E339-7431-4E75-91DF-C932D91AF287}.Debug|Any CPU.ActiveCfg = Debug|Any CPU
		{2370E339-7431-4E75-91DF-C932D91AF287}.Debug|Any CPU.Build.0 = Debug|Any CPU
		{2370E339-7431-4E75-91DF-C932D91AF287}.Release|Any CPU.ActiveCfg = Release|Any CPU
		{2370E339-7431-4E75-91DF-C932D91AF287}.Release|Any CPU.Build.0 = Release|Any CPU
	EndGlobalSection
	GlobalSection(SolutionProperties) = preSolution
		HideSolutionNode = FALSE
	EndGlobalSection
	GlobalSection(ExtensibilityGlobals) = postSolution
		SolutionGuid = {261BA01D-1FC1-4F43-8D9E-493A15EC0A73}
	EndGlobalSection
EndGlobal
