
Microsoft Visual Studio Solution File, Format Version 12.00
# Visual Studio Version 16
VisualStudioVersion = 16.0.35425.106
MinimumVisualStudioVersion = 10.0.40219.1
Project("{FAE04EC0-301F-11D3-BF4B-00C04F79EFBC}") = "sum of an array", "sum of an array.csproj", "{D2D272E2-9680-4933-A951-5B92E3F7D530}"
EndProject
Global
	GlobalSection(SolutionConfigurationPlatforms) = preSolution
		Debug|Any CPU = Debug|Any CPU
		Release|Any CPU = Release|Any CPU
	EndGlobalSection
	GlobalSection(ProjectConfigurationPlatforms) = postSolution
		{D2D272E2-9680-4933-A951-5B92E3F7D530}.Debug|Any CPU.ActiveCfg = Debug|Any CPU
		{D2D272E2-9680-4933-A951-5B92E3F7D530}.Debug|Any CPU.Build.0 = Debug|Any CPU
		{D2D272E2-9680-4933-A951-5B92E3F7D530}.Release|Any CPU.ActiveCfg = Release|Any CPU
		{D2D272E2-9680-4933-A951-5B92E3F7D530}.Release|Any CPU.Build.0 = Release|Any CPU
	EndGlobalSection
	GlobalSection(SolutionProperties) = preSolution
		HideSolutionNode = FALSE
	EndGlobalSection
	GlobalSection(ExtensibilityGlobals) = postSolution
		SolutionGuid = {09374C0E-08AD-4B78-A58B-95D1874BF170}
	EndGlobalSection
EndGlobal
