
Microsoft Visual Studio Solution File, Format Version 12.00
# Visual Studio Version 16
VisualStudioVersion = 16.0.35425.106
MinimumVisualStudioVersion = 10.0.40219.1
Project("{FAE04EC0-301F-11D3-BF4B-00C04F79EFBC}") = "pattern 5", "pattern 5.csproj", "{34785CBE-9751-483D-A2CD-49772935E184}"
EndProject
Global
	GlobalSection(SolutionConfigurationPlatforms) = preSolution
		Debug|Any CPU = Debug|Any CPU
		Release|Any CPU = Release|Any CPU
	EndGlobalSection
	GlobalSection(ProjectConfigurationPlatforms) = postSolution
		{34785CBE-9751-483D-A2CD-49772935E184}.Debug|Any CPU.ActiveCfg = Debug|Any CPU
		{34785CBE-9751-483D-A2CD-49772935E184}.Debug|Any CPU.Build.0 = Debug|Any CPU
		{34785CBE-9751-483D-A2CD-49772935E184}.Release|Any CPU.ActiveCfg = Release|Any CPU
		{34785CBE-9751-483D-A2CD-49772935E184}.Release|Any CPU.Build.0 = Release|Any CPU
	EndGlobalSection
	GlobalSection(SolutionProperties) = preSolution
		HideSolutionNode = FALSE
	EndGlobalSection
	GlobalSection(ExtensibilityGlobals) = postSolution
		SolutionGuid = {43E5B40A-0BB9-4954-9BD0-E43AA7074BAE}
	EndGlobalSection
EndGlobal
