
Microsoft Visual Studio Solution File, Format Version 12.00
# Visual Studio Version 16
VisualStudioVersion = 16.0.35425.106
MinimumVisualStudioVersion = 10.0.40219.1
Project("{FAE04EC0-301F-11D3-BF4B-00C04F79EFBC}") = "first n natural numbers", "first n natural numbers.csproj", "{A65E04CA-C1A4-4A28-A00A-5ED397147048}"
EndProject
Global
	GlobalSection(SolutionConfigurationPlatforms) = preSolution
		Debug|Any CPU = Debug|Any CPU
		Release|Any CPU = Release|Any CPU
	EndGlobalSection
	GlobalSection(ProjectConfigurationPlatforms) = postSolution
		{A65E04CA-C1A4-4A28-A00A-5ED397147048}.Debug|Any CPU.ActiveCfg = Debug|Any CPU
		{A65E04CA-C1A4-4A28-A00A-5ED397147048}.Debug|Any CPU.Build.0 = Debug|Any CPU
		{A65E04CA-C1A4-4A28-A00A-5ED397147048}.Release|Any CPU.ActiveCfg = Release|Any CPU
		{A65E04CA-C1A4-4A28-A00A-5ED397147048}.Release|Any CPU.Build.0 = Release|Any CPU
	EndGlobalSection
	GlobalSection(SolutionProperties) = preSolution
		HideSolutionNode = FALSE
	EndGlobalSection
	GlobalSection(ExtensibilityGlobals) = postSolution
		SolutionGuid = {B889544B-CDF6-4AEA-B9E6-0FEBF9E7FAF6}
	EndGlobalSection
EndGlobal
