
Microsoft Visual Studio Solution File, Format Version 12.00
# Visual Studio Version 16
VisualStudioVersion = 16.0.35425.106
MinimumVisualStudioVersion = 10.0.40219.1
Project("{FAE04EC0-301F-11D3-BF4B-00C04F79EFBC}") = "Printing even numbers", "Printing even numbers.csproj", "{DC6962ED-68A9-459D-8F16-8C90D5878D20}"
EndProject
Global
	GlobalSection(SolutionConfigurationPlatforms) = preSolution
		Debug|Any CPU = Debug|Any CPU
		Release|Any CPU = Release|Any CPU
	EndGlobalSection
	GlobalSection(ProjectConfigurationPlatforms) = postSolution
		{DC6962ED-68A9-459D-8F16-8C90D5878D20}.Debug|Any CPU.ActiveCfg = Debug|Any CPU
		{DC6962ED-68A9-459D-8F16-8C90D5878D20}.Debug|Any CPU.Build.0 = Debug|Any CPU
		{DC6962ED-68A9-459D-8F16-8C90D5878D20}.Release|Any CPU.ActiveCfg = Release|Any CPU
		{DC6962ED-68A9-459D-8F16-8C90D5878D20}.Release|Any CPU.Build.0 = Release|Any CPU
	EndGlobalSection
	GlobalSection(SolutionProperties) = preSolution
		HideSolutionNode = FALSE
	EndGlobalSection
	GlobalSection(ExtensibilityGlobals) = postSolution
		SolutionGuid = {C4AFDF39-4FE6-4FBB-A23F-A24EF468C0BF}
	EndGlobalSection
EndGlobal
