
Microsoft Visual Studio Solution File, Format Version 12.00
# Visual Studio Version 16
VisualStudioVersion = 16.0.35425.106
MinimumVisualStudioVersion = 10.0.40219.1
Project("{FAE04EC0-301F-11D3-BF4B-00C04F79EFBC}") = "H.W. reverse of a string", "H.W. reverse of a string.csproj", "{3DD2889A-21A7-4036-AEC4-DEC537893F33}"
EndProject
Global
	GlobalSection(SolutionConfigurationPlatforms) = preSolution
		Debug|Any CPU = Debug|Any CPU
		Release|Any CPU = Release|Any CPU
	EndGlobalSection
	GlobalSection(ProjectConfigurationPlatforms) = postSolution
		{3DD2889A-21A7-4036-AEC4-DEC537893F33}.Debug|Any CPU.ActiveCfg = Debug|Any CPU
		{3DD2889A-21A7-4036-AEC4-DEC537893F33}.Debug|Any CPU.Build.0 = Debug|Any CPU
		{3DD2889A-21A7-4036-AEC4-DEC537893F33}.Release|Any CPU.ActiveCfg = Release|Any CPU
		{3DD2889A-21A7-4036-AEC4-DEC537893F33}.Release|Any CPU.Build.0 = Release|Any CPU
	EndGlobalSection
	GlobalSection(SolutionProperties) = preSolution
		HideSolutionNode = FALSE
	EndGlobalSection
	GlobalSection(ExtensibilityGlobals) = postSolution
		SolutionGuid = {F4B4CC88-F1C1-426A-B883-2B0A3A0A22BE}
	EndGlobalSection
EndGlobal
