
Microsoft Visual Studio Solution File, Format Version 12.00
# Visual Studio Version 16
VisualStudioVersion = 16.0.35425.106
MinimumVisualStudioVersion = 10.0.40219.1
Project("{FAE04EC0-301F-11D3-BF4B-00C04F79EFBC}") = "Print odd numbers", "Print odd numbers.csproj", "{D8267F48-D47C-49CA-B1E6-76C401880FA3}"
EndProject
Global
	GlobalSection(SolutionConfigurationPlatforms) = preSolution
		Debug|Any CPU = Debug|Any CPU
		Release|Any CPU = Release|Any CPU
	EndGlobalSection
	GlobalSection(ProjectConfigurationPlatforms) = postSolution
		{D8267F48-D47C-49CA-B1E6-76C401880FA3}.Debug|Any CPU.ActiveCfg = Debug|Any CPU
		{D8267F48-D47C-49CA-B1E6-76C401880FA3}.Debug|Any CPU.Build.0 = Debug|Any CPU
		{D8267F48-D47C-49CA-B1E6-76C401880FA3}.Release|Any CPU.ActiveCfg = Release|Any CPU
		{D8267F48-D47C-49CA-B1E6-76C401880FA3}.Release|Any CPU.Build.0 = Release|Any CPU
	EndGlobalSection
	GlobalSection(SolutionProperties) = preSolution
		HideSolutionNode = FALSE
	EndGlobalSection
	GlobalSection(ExtensibilityGlobals) = postSolution
		SolutionGuid = {2BB991A9-147A-42DF-859A-973D9D03143F}
	EndGlobalSection
EndGlobal
