
Microsoft Visual Studio Solution File, Format Version 12.00
# Visual Studio Version 16
VisualStudioVersion = 16.0.35425.106
MinimumVisualStudioVersion = 10.0.40219.1
Project("{FAE04EC0-301F-11D3-BF4B-00C04F79EFBC}") = "first n prime numbers", "first n prime numbers.csproj", "{ACF280E8-0571-485A-BB80-807130CDD97F}"
EndProject
Global
	GlobalSection(SolutionConfigurationPlatforms) = preSolution
		Debug|Any CPU = Debug|Any CPU
		Release|Any CPU = Release|Any CPU
	EndGlobalSection
	GlobalSection(ProjectConfigurationPlatforms) = postSolution
		{ACF280E8-0571-485A-BB80-807130CDD97F}.Debug|Any CPU.ActiveCfg = Debug|Any CPU
		{ACF280E8-0571-485A-BB80-807130CDD97F}.Debug|Any CPU.Build.0 = Debug|Any CPU
		{ACF280E8-0571-485A-BB80-807130CDD97F}.Release|Any CPU.ActiveCfg = Release|Any CPU
		{ACF280E8-0571-485A-BB80-807130CDD97F}.Release|Any CPU.Build.0 = Release|Any CPU
	EndGlobalSection
	GlobalSection(SolutionProperties) = preSolution
		HideSolutionNode = FALSE
	EndGlobalSection
	GlobalSection(ExtensibilityGlobals) = postSolution
		SolutionGuid = {BD0048DF-A079-40BD-9B25-0626D9B75322}
	EndGlobalSection
EndGlobal
