
Microsoft Visual Studio Solution File, Format Version 12.00
# Visual Studio Version 16
VisualStudioVersion = 16.0.35425.106
MinimumVisualStudioVersion = 10.0.40219.1
Project("{FAE04EC0-301F-11D3-BF4B-00C04F79EFBC}") = "lambda function 2", "lambda function 2.csproj", "{F169622D-B96B-40B8-B80E-7F60A0CE4EBE}"
EndProject
Global
	GlobalSection(SolutionConfigurationPlatforms) = preSolution
		Debug|Any CPU = Debug|Any CPU
		Release|Any CPU = Release|Any CPU
	EndGlobalSection
	GlobalSection(ProjectConfigurationPlatforms) = postSolution
		{F169622D-B96B-40B8-B80E-7F60A0CE4EBE}.Debug|Any CPU.ActiveCfg = Debug|Any CPU
		{F169622D-B96B-40B8-B80E-7F60A0CE4EBE}.Debug|Any CPU.Build.0 = Debug|Any CPU
		{F169622D-B96B-40B8-B80E-7F60A0CE4EBE}.Release|Any CPU.ActiveCfg = Release|Any CPU
		{F169622D-B96B-40B8-B80E-7F60A0CE4EBE}.Release|Any CPU.Build.0 = Release|Any CPU
	EndGlobalSection
	GlobalSection(SolutionProperties) = preSolution
		HideSolutionNode = FALSE
	EndGlobalSection
	GlobalSection(ExtensibilityGlobals) = postSolution
		SolutionGuid = {DC69559B-9FBB-4AAA-8025-EDD4541A30B2}
	EndGlobalSection
EndGlobal
