
Microsoft Visual Studio Solution File, Format Version 12.00
# Visual Studio Version 16
VisualStudioVersion = 16.0.35425.106
MinimumVisualStudioVersion = 10.0.40219.1
Project("{FAE04EC0-301F-11D3-BF4B-00C04F79EFBC}") = "String", "String.csproj", "{F29B67D5-CF71-4FF6-BCE5-8C8EF0AFBCF5}"
EndProject
Global
	GlobalSection(SolutionConfigurationPlatforms) = preSolution
		Debug|Any CPU = Debug|Any CPU
		Release|Any CPU = Release|Any CPU
	EndGlobalSection
	GlobalSection(ProjectConfigurationPlatforms) = postSolution
		{F29B67D5-CF71-4FF6-BCE5-8C8EF0AFBCF5}.Debug|Any CPU.ActiveCfg = Debug|Any CPU
		{F29B67D5-CF71-4FF6-BCE5-8C8EF0AFBCF5}.Debug|Any CPU.Build.0 = Debug|Any CPU
		{F29B67D5-CF71-4FF6-BCE5-8C8EF0AFBCF5}.Release|Any CPU.ActiveCfg = Release|Any CPU
		{F29B67D5-CF71-4FF6-BCE5-8C8EF0AFBCF5}.Release|Any CPU.Build.0 = Release|Any CPU
	EndGlobalSection
	GlobalSection(SolutionProperties) = preSolution
		HideSolutionNode = FALSE
	EndGlobalSection
	GlobalSection(ExtensibilityGlobals) = postSolution
		SolutionGuid = {DFBC3862-7BAA-4D8B-818D-8598D04C0765}
	EndGlobalSection
EndGlobal
