
Microsoft Visual Studio Solution File, Format Version 12.00
# Visual Studio Version 16
VisualStudioVersion = 16.0.35425.106
MinimumVisualStudioVersion = 10.0.40219.1
Project("{FAE04EC0-301F-11D3-BF4B-00C04F79EFBC}") = "pattern 4", "pattern 4.csproj", "{C70F20BA-49F8-4E15-B867-DC54E3B28ACE}"
EndProject
Global
	GlobalSection(SolutionConfigurationPlatforms) = preSolution
		Debug|Any CPU = Debug|Any CPU
		Release|Any CPU = Release|Any CPU
	EndGlobalSection
	GlobalSection(ProjectConfigurationPlatforms) = postSolution
		{C70F20BA-49F8-4E15-B867-DC54E3B28ACE}.Debug|Any CPU.ActiveCfg = Debug|Any CPU
		{C70F20BA-49F8-4E15-B867-DC54E3B28ACE}.Debug|Any CPU.Build.0 = Debug|Any CPU
		{C70F20BA-49F8-4E15-B867-DC54E3B28ACE}.Release|Any CPU.ActiveCfg = Release|Any CPU
		{C70F20BA-49F8-4E15-B867-DC54E3B28ACE}.Release|Any CPU.Build.0 = Release|Any CPU
	EndGlobalSection
	GlobalSection(SolutionProperties) = preSolution
		HideSolutionNode = FALSE
	EndGlobalSection
	GlobalSection(ExtensibilityGlobals) = postSolution
		SolutionGuid = {3FE39AA0-E1F2-4F64-8C70-9E2DF2CB0F38}
	EndGlobalSection
EndGlobal
