
Microsoft Visual Studio Solution File, Format Version 12.00
# Visual Studio Version 16
VisualStudioVersion = 16.0.35425.106
MinimumVisualStudioVersion = 10.0.40219.1
Project("{FAE04EC0-301F-11D3-BF4B-00C04F79EFBC}") = "exception handling 2", "exception handling 2.csproj", "{0C2498F0-B247-4D79-99D2-1270F224954A}"
EndProject
Global
	GlobalSection(SolutionConfigurationPlatforms) = preSolution
		Debug|Any CPU = Debug|Any CPU
		Release|Any CPU = Release|Any CPU
	EndGlobalSection
	GlobalSection(ProjectConfigurationPlatforms) = postSolution
		{0C2498F0-B247-4D79-99D2-1270F224954A}.Debug|Any CPU.ActiveCfg = Debug|Any CPU
		{0C2498F0-B247-4D79-99D2-1270F224954A}.Debug|Any CPU.Build.0 = Debug|Any CPU
		{0C2498F0-B247-4D79-99D2-1270F224954A}.Release|Any CPU.ActiveCfg = Release|Any CPU
		{0C2498F0-B247-4D79-99D2-1270F224954A}.Release|Any CPU.Build.0 = Release|Any CPU
	EndGlobalSection
	GlobalSection(SolutionProperties) = preSolution
		HideSolutionNode = FALSE
	EndGlobalSection
	GlobalSection(ExtensibilityGlobals) = postSolution
		SolutionGuid = {A916E033-77E3-494F-9E27-80A7F447E776}
	EndGlobalSection
EndGlobal
