
Microsoft Visual Studio Solution File, Format Version 12.00
# Visual Studio Version 16
VisualStudioVersion = 16.0.35425.106
MinimumVisualStudioVersion = 10.0.40219.1
Project("{FAE04EC0-301F-11D3-BF4B-00C04F79EFBC}") = "Lists", "Lists.csproj", "{0A78817A-57D2-4CA1-A3DA-20D686A4139A}"
EndProject
Global
	GlobalSection(SolutionConfigurationPlatforms) = preSolution
		Debug|Any CPU = Debug|Any CPU
		Release|Any CPU = Release|Any CPU
	EndGlobalSection
	GlobalSection(ProjectConfigurationPlatforms) = postSolution
		{0A78817A-57D2-4CA1-A3DA-20D686A4139A}.Debug|Any CPU.ActiveCfg = Debug|Any CPU
		{0A78817A-57D2-4CA1-A3DA-20D686A4139A}.Debug|Any CPU.Build.0 = Debug|Any CPU
		{0A78817A-57D2-4CA1-A3DA-20D686A4139A}.Release|Any CPU.ActiveCfg = Release|Any CPU
		{0A78817A-57D2-4CA1-A3DA-20D686A4139A}.Release|Any CPU.Build.0 = Release|Any CPU
	EndGlobalSection
	GlobalSection(SolutionProperties) = preSolution
		HideSolutionNode = FALSE
	EndGlobalSection
	GlobalSection(ExtensibilityGlobals) = postSolution
		SolutionGuid = {2809199A-C144-40EF-B069-6ACFF5E42E06}
	EndGlobalSection
EndGlobal
