
Microsoft Visual Studio Solution File, Format Version 12.00
# Visual Studio Version 16
VisualStudioVersion = 16.0.35425.106
MinimumVisualStudioVersion = 10.0.40219.1
Project("{FAE04EC0-301F-11D3-BF4B-00C04F79EFBC}") = "Prime number", "Prime number.csproj", "{2E6D0066-E8B7-456D-BF29-5E7B39BD8147}"
EndProject
Global
	GlobalSection(SolutionConfigurationPlatforms) = preSolution
		Debug|Any CPU = Debug|Any CPU
		Release|Any CPU = Release|Any CPU
	EndGlobalSection
	GlobalSection(ProjectConfigurationPlatforms) = postSolution
		{2E6D0066-E8B7-456D-BF29-5E7B39BD8147}.Debug|Any CPU.ActiveCfg = Debug|Any CPU
		{2E6D0066-E8B7-456D-BF29-5E7B39BD8147}.Debug|Any CPU.Build.0 = Debug|Any CPU
		{2E6D0066-E8B7-456D-BF29-5E7B39BD8147}.Release|Any CPU.ActiveCfg = Release|Any CPU
		{2E6D0066-E8B7-456D-BF29-5E7B39BD8147}.Release|Any CPU.Build.0 = Release|Any CPU
	EndGlobalSection
	GlobalSection(SolutionProperties) = preSolution
		HideSolutionNode = FALSE
	EndGlobalSection
	GlobalSection(ExtensibilityGlobals) = postSolution
		SolutionGuid = {C1A57B9E-03C9-444C-A907-8CD320D11FD5}
	EndGlobalSection
EndGlobal
