
Microsoft Visual Studio Solution File, Format Version 12.00
# Visual Studio Version 16
VisualStudioVersion = 16.0.35425.106
MinimumVisualStudioVersion = 10.0.40219.1
Project("{FAE04EC0-301F-11D3-BF4B-00C04F79EFBC}") = "accepting int value", "accepting int value.csproj", "{3674C02A-A3C9-4CDB-9FED-CE69AFDB29C9}"
EndProject
Global
	GlobalSection(SolutionConfigurationPlatforms) = preSolution
		Debug|Any CPU = Debug|Any CPU
		Release|Any CPU = Release|Any CPU
	EndGlobalSection
	GlobalSection(ProjectConfigurationPlatforms) = postSolution
		{3674C02A-A3C9-4CDB-9FED-CE69AFDB29C9}.Debug|Any CPU.ActiveCfg = Debug|Any CPU
		{3674C02A-A3C9-4CDB-9FED-CE69AFDB29C9}.Debug|Any CPU.Build.0 = Debug|Any CPU
		{3674C02A-A3C9-4CDB-9FED-CE69AFDB29C9}.Release|Any CPU.ActiveCfg = Release|Any CPU
		{3674C02A-A3C9-4CDB-9FED-CE69AFDB29C9}.Release|Any CPU.Build.0 = Release|Any CPU
	EndGlobalSection
	GlobalSection(SolutionProperties) = preSolution
		HideSolutionNode = FALSE
	EndGlobalSection
	GlobalSection(ExtensibilityGlobals) = postSolution
		SolutionGuid = {5C712697-006C-4F35-A9BE-664E2FCB4F9D}
	EndGlobalSection
EndGlobal
