
Microsoft Visual Studio Solution File, Format Version 12.00
# Visual Studio Version 16
VisualStudioVersion = 16.0.35425.106
MinimumVisualStudioVersion = 10.0.40219.1
Project("{FAE04EC0-301F-11D3-BF4B-00C04F79EFBC}") = "Armstrong number", "Armstrong number.csproj", "{49C8C2BA-4664-461E-AB3E-EC1A958483A9}"
EndProject
Global
	GlobalSection(SolutionConfigurationPlatforms) = preSolution
		Debug|Any CPU = Debug|Any CPU
		Release|Any CPU = Release|Any CPU
	EndGlobalSection
	GlobalSection(ProjectConfigurationPlatforms) = postSolution
		{49C8C2BA-4664-461E-AB3E-EC1A958483A9}.Debug|Any CPU.ActiveCfg = Debug|Any CPU
		{49C8C2BA-4664-461E-AB3E-EC1A958483A9}.Debug|Any CPU.Build.0 = Debug|Any CPU
		{49C8C2BA-4664-461E-AB3E-EC1A958483A9}.Release|Any CPU.ActiveCfg = Release|Any CPU
		{49C8C2BA-4664-461E-AB3E-EC1A958483A9}.Release|Any CPU.Build.0 = Release|Any CPU
	EndGlobalSection
	GlobalSection(SolutionProperties) = preSolution
		HideSolutionNode = FALSE
	EndGlobalSection
	GlobalSection(ExtensibilityGlobals) = postSolution
		SolutionGuid = {0350569C-23C0-4050-9BB4-0134D579F80E}
	EndGlobalSection
EndGlobal
