
Microsoft Visual Studio Solution File, Format Version 12.00
# Visual Studio Version 16
VisualStudioVersion = 16.0.35425.106
MinimumVisualStudioVersion = 10.0.40219.1
Project("{FAE04EC0-301F-11D3-BF4B-00C04F79EFBC}") = "Linear sort", "Linear sort.csproj", "{DD265102-AE6C-40E7-A420-240C3EE3587A}"
EndProject
Global
	GlobalSection(SolutionConfigurationPlatforms) = preSolution
		Debug|Any CPU = Debug|Any CPU
		Release|Any CPU = Release|Any CPU
	EndGlobalSection
	GlobalSection(ProjectConfigurationPlatforms) = postSolution
		{DD265102-AE6C-40E7-A420-240C3EE3587A}.Debug|Any CPU.ActiveCfg = Debug|Any CPU
		{DD265102-AE6C-40E7-A420-240C3EE3587A}.Debug|Any CPU.Build.0 = Debug|Any CPU
		{DD265102-AE6C-40E7-A420-240C3EE3587A}.Release|Any CPU.ActiveCfg = Release|Any CPU
		{DD265102-AE6C-40E7-A420-240C3EE3587A}.Release|Any CPU.Build.0 = Release|Any CPU
	EndGlobalSection
	GlobalSection(SolutionProperties) = preSolution
		HideSolutionNode = FALSE
	EndGlobalSection
	GlobalSection(ExtensibilityGlobals) = postSolution
		SolutionGuid = {0AF6B9FC-2637-4259-898E-B97D32AE6318}
	EndGlobalSection
EndGlobal
