
Microsoft Visual Studio Solution File, Format Version 12.00
# Visual Studio Version 16
VisualStudioVersion = 16.0.35425.106
MinimumVisualStudioVersion = 10.0.40219.1
Project("{FAE04EC0-301F-11D3-BF4B-00C04F79EFBC}") = "star pattern", "star pattern.csproj", "{40AD660D-FC32-4D61-8A30-81093E50F451}"
EndProject
Global
	GlobalSection(SolutionConfigurationPlatforms) = preSolution
		Debug|Any CPU = Debug|Any CPU
		Release|Any CPU = Release|Any CPU
	EndGlobalSection
	GlobalSection(ProjectConfigurationPlatforms) = postSolution
		{40AD660D-FC32-4D61-8A30-81093E50F451}.Debug|Any CPU.ActiveCfg = Debug|Any CPU
		{40AD660D-FC32-4D61-8A30-81093E50F451}.Debug|Any CPU.Build.0 = Debug|Any CPU
		{40AD660D-FC32-4D61-8A30-81093E50F451}.Release|Any CPU.ActiveCfg = Release|Any CPU
		{40AD660D-FC32-4D61-8A30-81093E50F451}.Release|Any CPU.Build.0 = Release|Any CPU
	EndGlobalSection
	GlobalSection(SolutionProperties) = preSolution
		HideSolutionNode = FALSE
	EndGlobalSection
	GlobalSection(ExtensibilityGlobals) = postSolution
		SolutionGuid = {970C128C-3AB9-468A-9984-AFB8F1AB6916}
	EndGlobalSection
EndGlobal
