
Microsoft Visual Studio Solution File, Format Version 12.00
# Visual Studio Version 16
VisualStudioVersion = 16.0.35425.106
MinimumVisualStudioVersion = 10.0.40219.1
Project("{FAE04EC0-301F-11D3-BF4B-00C04F79EFBC}") = "Palindrome", "Palindrome.csproj", "{45AE694D-A6CC-4101-A182-8C80544DCA46}"
EndProject
Global
	GlobalSection(SolutionConfigurationPlatforms) = preSolution
		Debug|Any CPU = Debug|Any CPU
		Release|Any CPU = Release|Any CPU
	EndGlobalSection
	GlobalSection(ProjectConfigurationPlatforms) = postSolution
		{45AE694D-A6CC-4101-A182-8C80544DCA46}.Debug|Any CPU.ActiveCfg = Debug|Any CPU
		{45AE694D-A6CC-4101-A182-8C80544DCA46}.Debug|Any CPU.Build.0 = Debug|Any CPU
		{45AE694D-A6CC-4101-A182-8C80544DCA46}.Release|Any CPU.ActiveCfg = Release|Any CPU
		{45AE694D-A6CC-4101-A182-8C80544DCA46}.Release|Any CPU.Build.0 = Release|Any CPU
	EndGlobalSection
	GlobalSection(SolutionProperties) = preSolution
		HideSolutionNode = FALSE
	EndGlobalSection
	GlobalSection(ExtensibilityGlobals) = postSolution
		SolutionGuid = {A895E69C-BDCD-42FA-9561-AB997F0B67B7}
	EndGlobalSection
EndGlobal
