
Microsoft Visual Studio Solution File, Format Version 12.00
# Visual Studio Version 16
VisualStudioVersion = 16.0.35425.106
MinimumVisualStudioVersion = 10.0.40219.1
Project("{FAE04EC0-301F-11D3-BF4B-00C04F79EFBC}") = "pass by reference", "pass by reference.csproj", "{9916E929-3E53-42EE-B7D5-5AFD4BAB052F}"
EndProject
Global
	GlobalSection(SolutionConfigurationPlatforms) = preSolution
		Debug|Any CPU = Debug|Any CPU
		Release|Any CPU = Release|Any CPU
	EndGlobalSection
	GlobalSection(ProjectConfigurationPlatforms) = postSolution
		{9916E929-3E53-42EE-B7D5-5AFD4BAB052F}.Debug|Any CPU.ActiveCfg = Debug|Any CPU
		{9916E929-3E53-42EE-B7D5-5AFD4BAB052F}.Debug|Any CPU.Build.0 = Debug|Any CPU
		{9916E929-3E53-42EE-B7D5-5AFD4BAB052F}.Release|Any CPU.ActiveCfg = Release|Any CPU
		{9916E929-3E53-42EE-B7D5-5AFD4BAB052F}.Release|Any CPU.Build.0 = Release|Any CPU
	EndGlobalSection
	GlobalSection(SolutionProperties) = preSolution
		HideSolutionNode = FALSE
	EndGlobalSection
	GlobalSection(ExtensibilityGlobals) = postSolution
		SolutionGuid = {C0916B04-6D2E-413F-A2C5-86BC8E752BB1}
	EndGlobalSection
EndGlobal
