
Microsoft Visual Studio Solution File, Format Version 12.00
# Visual Studio Version 16
VisualStudioVersion = 16.0.35425.106
MinimumVisualStudioVersion = 10.0.40219.1
Project("{FAE04EC0-301F-11D3-BF4B-00C04F79EFBC}") = "sum and product", "sum and product.csproj", "{7FB958D4-3232-4D9E-AD28-6332557636E5}"
EndProject
Global
	GlobalSection(SolutionConfigurationPlatforms) = preSolution
		Debug|Any CPU = Debug|Any CPU
		Release|Any CPU = Release|Any CPU
	EndGlobalSection
	GlobalSection(ProjectConfigurationPlatforms) = postSolution
		{7FB958D4-3232-4D9E-AD28-6332557636E5}.Debug|Any CPU.ActiveCfg = Debug|Any CPU
		{7FB958D4-3232-4D9E-AD28-6332557636E5}.Debug|Any CPU.Build.0 = Debug|Any CPU
		{7FB958D4-3232-4D9E-AD28-6332557636E5}.Release|Any CPU.ActiveCfg = Release|Any CPU
		{7FB958D4-3232-4D9E-AD28-6332557636E5}.Release|Any CPU.Build.0 = Release|Any CPU
	EndGlobalSection
	GlobalSection(SolutionProperties) = preSolution
		HideSolutionNode = FALSE
	EndGlobalSection
	GlobalSection(ExtensibilityGlobals) = postSolution
		SolutionGuid = {0E7498CA-F3BF-4A4A-BDBC-7FCE7DBD1090}
	EndGlobalSection
EndGlobal
