
Microsoft Visual Studio Solution File, Format Version 12.00
# Visual Studio Version 16
VisualStudioVersion = 16.0.35425.106
MinimumVisualStudioVersion = 10.0.40219.1
Project("{FAE04EC0-301F-11D3-BF4B-00C04F79EFBC}") = "pattern 9", "pattern 9.csproj", "{D90E0A4B-2416-4CDF-A044-8D0E4CDF8BCF}"
EndProject
Global
	GlobalSection(SolutionConfigurationPlatforms) = preSolution
		Debug|Any CPU = Debug|Any CPU
		Release|Any CPU = Release|Any CPU
	EndGlobalSection
	GlobalSection(ProjectConfigurationPlatforms) = postSolution
		{D90E0A4B-2416-4CDF-A044-8D0E4CDF8BCF}.Debug|Any CPU.ActiveCfg = Debug|Any CPU
		{D90E0A4B-2416-4CDF-A044-8D0E4CDF8BCF}.Debug|Any CPU.Build.0 = Debug|Any CPU
		{D90E0A4B-2416-4CDF-A044-8D0E4CDF8BCF}.Release|Any CPU.ActiveCfg = Release|Any CPU
		{D90E0A4B-2416-4CDF-A044-8D0E4CDF8BCF}.Release|Any CPU.Build.0 = Release|Any CPU
	EndGlobalSection
	GlobalSection(SolutionProperties) = preSolution
		HideSolutionNode = FALSE
	EndGlobalSection
	GlobalSection(ExtensibilityGlobals) = postSolution
		SolutionGuid = {E02DBA48-BB80-4606-8DC0-8B2471EED9D5}
	EndGlobalSection
EndGlobal
