
Microsoft Visual Studio Solution File, Format Version 12.00
# Visual Studio Version 16
VisualStudioVersion = 16.0.35425.106
MinimumVisualStudioVersion = 10.0.40219.1
Project("{FAE04EC0-301F-11D3-BF4B-00C04F79EFBC}") = "Constuctors", "Constuctors.csproj", "{F23C15C9-70D4-4626-ADFE-F93D886B1EA7}"
EndProject
Global
	GlobalSection(SolutionConfigurationPlatforms) = preSolution
		Debug|Any CPU = Debug|Any CPU
		Release|Any CPU = Release|Any CPU
	EndGlobalSection
	GlobalSection(ProjectConfigurationPlatforms) = postSolution
		{F23C15C9-70D4-4626-ADFE-F93D886B1EA7}.Debug|Any CPU.ActiveCfg = Debug|Any CPU
		{F23C15C9-70D4-4626-ADFE-F93D886B1EA7}.Debug|Any CPU.Build.0 = Debug|Any CPU
		{F23C15C9-70D4-4626-ADFE-F93D886B1EA7}.Release|Any CPU.ActiveCfg = Release|Any CPU
		{F23C15C9-70D4-4626-ADFE-F93D886B1EA7}.Release|Any CPU.Build.0 = Release|Any CPU
	EndGlobalSection
	GlobalSection(SolutionProperties) = preSolution
		HideSolutionNode = FALSE
	EndGlobalSection
	GlobalSection(ExtensibilityGlobals) = postSolution
		SolutionGuid = {0F907EB0-A159-4767-B7C3-D321AB4E649A}
	EndGlobalSection
EndGlobal
