
Microsoft Visual Studio Solution File, Format Version 12.00
# Visual Studio Version 16
VisualStudioVersion = 16.0.35425.106
MinimumVisualStudioVersion = 10.0.40219.1
Project("{FAE04EC0-301F-11D3-BF4B-00C04F79EFBC}") = "pass by value", "pass by value.csproj", "{92D920F9-A825-46CE-9613-0C8928F4BD41}"
EndProject
Global
	GlobalSection(SolutionConfigurationPlatforms) = preSolution
		Debug|Any CPU = Debug|Any CPU
		Release|Any CPU = Release|Any CPU
	EndGlobalSection
	GlobalSection(ProjectConfigurationPlatforms) = postSolution
		{92D920F9-A825-46CE-9613-0C8928F4BD41}.Debug|Any CPU.ActiveCfg = Debug|Any CPU
		{92D920F9-A825-46CE-9613-0C8928F4BD41}.Debug|Any CPU.Build.0 = Debug|Any CPU
		{92D920F9-A825-46CE-9613-0C8928F4BD41}.Release|Any CPU.ActiveCfg = Release|Any CPU
		{92D920F9-A825-46CE-9613-0C8928F4BD41}.Release|Any CPU.Build.0 = Release|Any CPU
	EndGlobalSection
	GlobalSection(SolutionProperties) = preSolution
		HideSolutionNode = FALSE
	EndGlobalSection
	GlobalSection(ExtensibilityGlobals) = postSolution
		SolutionGuid = {F1E14B46-B3B1-405B-8B5E-F20186A002C4}
	EndGlobalSection
EndGlobal
