
Microsoft Visual Studio Solution File, Format Version 12.00
# Visual Studio Version 16
VisualStudioVersion = 16.0.35425.106
MinimumVisualStudioVersion = 10.0.40219.1
Project("{FAE04EC0-301F-11D3-BF4B-00C04F79EFBC}") = "Swapping two variables", "Swapping two variables.csproj", "{F4170965-466F-46F5-A9F0-CABD1B318821}"
EndProject
Global
	GlobalSection(SolutionConfigurationPlatforms) = preSolution
		Debug|Any CPU = Debug|Any CPU
		Release|Any CPU = Release|Any CPU
	EndGlobalSection
	GlobalSection(ProjectConfigurationPlatforms) = postSolution
		{F4170965-466F-46F5-A9F0-CABD1B318821}.Debug|Any CPU.ActiveCfg = Debug|Any CPU
		{F4170965-466F-46F5-A9F0-CABD1B318821}.Debug|Any CPU.Build.0 = Debug|Any CPU
		{F4170965-466F-46F5-A9F0-CABD1B318821}.Release|Any CPU.ActiveCfg = Release|Any CPU
		{F4170965-466F-46F5-A9F0-CABD1B318821}.Release|Any CPU.Build.0 = Release|Any CPU
	EndGlobalSection
	GlobalSection(SolutionProperties) = preSolution
		HideSolutionNode = FALSE
	EndGlobalSection
	GlobalSection(ExtensibilityGlobals) = postSolution
		SolutionGuid = {9F720A11-579F-4685-8039-0E0EFA0DB455}
	EndGlobalSection
EndGlobal
