
Microsoft Visual Studio Solution File, Format Version 12.00
# Visual Studio Version 16
VisualStudioVersion = 16.0.35425.106
MinimumVisualStudioVersion = 10.0.40219.1
Project("{FAE04EC0-301F-11D3-BF4B-00C04F79EFBC}") = "find duplicates in array", "find duplicates in array.csproj", "{05640BC8-410F-4745-ABA7-7A912D357860}"
EndProject
Global
	GlobalSection(SolutionConfigurationPlatforms) = preSolution
		Debug|Any CPU = Debug|Any CPU
		Release|Any CPU = Release|Any CPU
	EndGlobalSection
	GlobalSection(ProjectConfigurationPlatforms) = postSolution
		{05640BC8-410F-4745-ABA7-7A912D357860}.Debug|Any CPU.ActiveCfg = Debug|Any CPU
		{05640BC8-410F-4745-ABA7-7A912D357860}.Debug|Any CPU.Build.0 = Debug|Any CPU
		{05640BC8-410F-4745-ABA7-7A912D357860}.Release|Any CPU.ActiveCfg = Release|Any CPU
		{05640BC8-410F-4745-ABA7-7A912D357860}.Release|Any CPU.Build.0 = Release|Any CPU
	EndGlobalSection
	GlobalSection(SolutionProperties) = preSolution
		HideSolutionNode = FALSE
	EndGlobalSection
	GlobalSection(ExtensibilityGlobals) = postSolution
		SolutionGuid = {7B0A2C4D-5F99-458C-9C3F-7176903C4ADB}
	EndGlobalSection
EndGlobal
