
Microsoft Visual Studio Solution File, Format Version 12.00
# Visual Studio Version 16
VisualStudioVersion = 16.0.35425.106
MinimumVisualStudioVersion = 10.0.40219.1
Project("{FAE04EC0-301F-11D3-BF4B-00C04F79EFBC}") = "automatic property eg 2", "automatic property eg 2.csproj", "{6CE3CC8E-388B-4003-8F14-5A6D614770C9}"
EndProject
Global
	GlobalSection(SolutionConfigurationPlatforms) = preSolution
		Debug|Any CPU = Debug|Any CPU
		Release|Any CPU = Release|Any CPU
	EndGlobalSection
	GlobalSection(ProjectConfigurationPlatforms) = postSolution
		{6CE3CC8E-388B-4003-8F14-5A6D614770C9}.Debug|Any CPU.ActiveCfg = Debug|Any CPU
		{6CE3CC8E-388B-4003-8F14-5A6D614770C9}.Debug|Any CPU.Build.0 = Debug|Any CPU
		{6CE3CC8E-388B-4003-8F14-5A6D614770C9}.Release|Any CPU.ActiveCfg = Release|Any CPU
		{6CE3CC8E-388B-4003-8F14-5A6D614770C9}.Release|Any CPU.Build.0 = Release|Any CPU
	EndGlobalSection
	GlobalSection(SolutionProperties) = preSolution
		HideSolutionNode = FALSE
	EndGlobalSection
	GlobalSection(ExtensibilityGlobals) = postSolution
		SolutionGuid = {DE236554-6C96-4A53-A6C3-FE8C6B6CE839}
	EndGlobalSection
EndGlobal
