
Microsoft Visual Studio Solution File, Format Version 12.00
# Visual Studio Version 16
VisualStudioVersion = 16.0.35425.106
MinimumVisualStudioVersion = 10.0.40219.1
Project("{FAE04EC0-301F-11D3-BF4B-00C04F79EFBC}") = "Reading input", "Reading input.csproj", "{6A559977-E2B8-4174-B9E2-B9C702ADC2A7}"
EndProject
Global
	GlobalSection(SolutionConfigurationPlatforms) = preSolution
		Debug|Any CPU = Debug|Any CPU
		Release|Any CPU = Release|Any CPU
	EndGlobalSection
	GlobalSection(ProjectConfigurationPlatforms) = postSolution
		{6A559977-E2B8-4174-B9E2-B9C702ADC2A7}.Debug|Any CPU.ActiveCfg = Debug|Any CPU
		{6A559977-E2B8-4174-B9E2-B9C702ADC2A7}.Debug|Any CPU.Build.0 = Debug|Any CPU
		{6A559977-E2B8-4174-B9E2-B9C702ADC2A7}.Release|Any CPU.ActiveCfg = Release|Any CPU
		{6A559977-E2B8-4174-B9E2-B9C702ADC2A7}.Release|Any CPU.Build.0 = Release|Any CPU
	EndGlobalSection
	GlobalSection(SolutionProperties) = preSolution
		HideSolutionNode = FALSE
	EndGlobalSection
	GlobalSection(ExtensibilityGlobals) = postSolution
		SolutionGuid = {883A17ED-5092-460D-98FB-501264734363}
	EndGlobalSection
EndGlobal
